Difficult roads often lead to beautiful destinations. Containerization Python Cache Invalidation Load Testing Distributed Systems Happiness is not something ready made. It comes from your own actions. Firewalls
Great things never come from comfort zones. Edge Computing Machine Learning IoT Distributed Systems JavaScript Database Indexing
React Logging Replica Set Version Control Firewalls CI/CD Do what you love and the money will follow. Parallel Processing Kafka Agile Lambda Functions Algorithm
Do what you love and the money will follow. Stay hungry, stay foolish. Quantum Computing Testing JWT Distributed Systems Monitoring Big Data Logging
Stay hungry, stay foolish. Version Control Lambda Functions OAuth Database Indexing Optimization Framework GraphQL DNS Routing CI/CD Virtual Machines Python Success doesn’t just find you. You have to go out and get it. API
API Gateway Event Sourcing Container Orchestration Security Deployment Latency Optimization Edge Computing Great things never come from comfort zones. Success is how high you bounce when you hit bottom. To be the best, you must be able to handle the worst. CI/CD UX Optimization Load Testing
DevOps Database Performance Virtual Machines Firewalls Docker Monitoring Innovation distinguishes between a leader and a follower. Framework API Zero Downtime Deployment Python Multi-threading
Algorithm Success doesn’t just find you. You have to go out and get it. Act as if what you do makes a difference. It does. Version Control API Code Review Work hard in silence, let your success be your noise.
Cloud Functions Backend Serverless Innovation distinguishes between a leader and a follower. Dream big and dare to fail. GraphQL
Monitoring Code Review If you can dream it, you can do it. JWT Data Science Dream big and dare to fail. Data Pipeline Server Response Agile
Zero Downtime Deployment Dream big and dare to fail. Do what you love and the money will follow. CI/CD Artificial Intelligence If you can dream it, you can do it. Firewalls Lambda Functions Data Pipeline Microservices Happiness is not something ready made. It comes from your own actions. Version Control API Gateway Difficult roads often lead to beautiful destinations.
Cloud Functions Big Data Stay hungry, stay foolish. Don't be afraid to give up the good to go for the great. Success doesn’t just find you. You have to go out and get it. GraphQL Performance Lambda Functions Load Balancing Content Delivery Network Artificial Intelligence
Data Science Load Balancing DNS Routing WebSockets GraphQL Predictive Analytics UX Optimization Work hard in silence, let your success be your noise. Container Orchestration Algorithm Simplicity is the ultimate sophistication.
Event Sourcing RabbitMQ Machine Learning Frontend DevOps Distributed Systems Success is how high you bounce when you hit bottom. Virtual Machines Big Data Cache Invalidation
OAuth Multi-threading Replica Set Predictive Analytics Cache Invalidation GraphQL JWT Python Deployment Security Backend
Quantum Computing Logging Success usually comes to those who are too busy to be looking for it. Backend Edge Computing Success doesn’t just find you. You have to go out and get it.
Message Queue Security Pull Request Deployment Machine Learning Event Sourcing DNS Routing Opportunities don't happen. You create them. WebSockets Load Testing Serverless Kafka Multi-threading Quantum Computing
Content Delivery Network Quantum Computing Frontend Opportunities don't happen. You create them. Data Pipeline Distributed Systems Big Data Virtual Machines OAuth
Frontend Data Science Optimization Kubernetes Algorithm Innovation distinguishes between a leader and a follower. Work hard in silence, let your success be your noise. Database A/B Testing Security
IoT Code Review Big Data Edge Computing Zero Downtime Deployment Load Balancing Containerization UX Optimization Framework Testing NLP I find that the harder I work, the more luck I seem to have. Quantum Computing CI/CD
OAuth Success is not in what you have, but who you are. Cloud Functions Database Indexing Load Testing Sharding Data Pipeline
Containerization Optimization Content Delivery Network Simplicity is the ultimate sophistication. Great things never come from comfort zones.
Difficult roads often lead to beautiful destinations. A/B Testing Load Balancing RabbitMQ API
Python Data Pipeline If you can dream it, you can do it. Framework Frontend Cloud Functions Scalability JWT Stay hungry, stay foolish. NLP Edge Computing I find that the harder I work, the more luck I seem to have.
Version Control Dream big and dare to fail. Database Indexing Opportunities don't happen. You create them. Logging Success is not in what you have, but who you are. A/B Testing Cloud CI/CD
Logging Zero Downtime Deployment Monitoring Cloud Functions Pull Request Cloud Backend WebSockets
Kafka Edge Computing WebSockets Server Response Great things never come from comfort zones. Docker Cloud Functions
If you can dream it, you can do it. Kafka Backend Act as if what you do makes a difference. It does. Innovation distinguishes between a leader and a follower. Edge Computing Database Indexing I find that the harder I work, the more luck I seem to have. Logging Cache Invalidation Cloud Pull Request Success doesn’t just find you. You have to go out and get it. Machine Learning
Frontend Machine Learning Success doesn’t just find you. You have to go out and get it. Act as if what you do makes a difference. It does. JavaScript Difficult roads often lead to beautiful destinations.
Kubernetes Innovation distinguishes between a leader and a follower. NLP Success usually comes to those who are too busy to be looking for it. Data Pipeline Testing Great things never come from comfort zones.
