Difficult roads often lead to beautiful destinations. Containerization Python Cache Invalidation Load Testing Distributed Systems Happiness is not something ready made. It comes from your own actions. Firewalls
Great things never come from comfort zones. Edge Computing Machine Learning IoT Distributed Systems JavaScript Database Indexing
React Logging Replica Set Version Control Firewalls CI/CD Do what you love and the money will follow. Parallel Processing Kafka Agile Lambda Functions Algorithm
Do what you love and the money will follow. Stay hungry, stay foolish. Quantum Computing Testing JWT Distributed Systems Monitoring Big Data Logging
Stay hungry, stay foolish. Version Control Lambda Functions OAuth Database Indexing Optimization Framework GraphQL DNS Routing CI/CD Virtual Machines Python Success doesn’t just find you. You have to go out and get it. API
API Gateway Event Sourcing Container Orchestration Security Deployment Latency Optimization Edge Computing Great things never come from comfort zones. Success is how high you bounce when you hit bottom. To be the best, you must be able to handle the worst. CI/CD UX Optimization Load Testing
