Difficult roads often lead to beautiful destinations. Containerization Python Cache Invalidation Load Testing Distributed Systems Happiness is not something ready made. It comes from your own actions. Firewalls
Great things never come from comfort zones. Edge Computing Machine Learning IoT Distributed Systems JavaScript Database Indexing
React Logging Replica Set Version Control Firewalls CI/CD Do what you love and the money will follow. Parallel Processing Kafka Agile Lambda Functions Algorithm
Do what you love and the money will follow. Stay hungry, stay foolish. Quantum Computing Testing JWT Distributed Systems Monitoring Big Data Logging
